
Microsoft Visual Studio Solution File, Format Version 12.00
# Visual Studio 15
Project("{FAE04EC0-301F-11D3-BF4B-00C04F79EFBC}") = "Assembly-CSharp", "Assembly-CSharp.csproj", "{7FEC7CAF-5781-7279-65BE-0A516F3097C4}"
EndProject
Project("{FAE04EC0-301F-11D3-BF4B-00C04F79EFBC}") = "Assembly-CSharp-Editor", "Assembly-CSharp-Editor.csproj", "{079E2E86-F0E9-3148-E139-A61F0891268F}"
EndProject
Global
	GlobalSection(SolutionConfigurationPlatforms) = preSolution
		Debug|Any CPU = Debug|Any CPU
		Release|Any CPU = Release|Any CPU
	EndGlobalSection
	GlobalSection(ProjectConfigurationPlatforms) = postSolution
		{7FEC7CAF-5781-7279-65BE-0A516F3097C4}.Debug|Any CPU.ActiveCfg = Debug|Any CPU
		{7FEC7CAF-5781-7279-65BE-0A516F3097C4}.Debug|Any CPU.Build.0 = Debug|Any CPU
		{7FEC7CAF-5781-7279-65BE-0A516F3097C4}.Release|Any CPU.ActiveCfg = Release|Any CPU
		{7FEC7CAF-5781-7279-65BE-0A516F3097C4}.Release|Any CPU.Build.0 = Release|Any CPU
		{079E2E86-F0E9-3148-E139-A61F0891268F}.Debug|Any CPU.ActiveCfg = Debug|Any CPU
		{079E2E86-F0E9-3148-E139-A61F0891268F}.Debug|Any CPU.Build.0 = Debug|Any CPU
		{079E2E86-F0E9-3148-E139-A61F0891268F}.Release|Any CPU.ActiveCfg = Release|Any CPU
		{079E2E86-F0E9-3148-E139-A61F0891268F}.Release|Any CPU.Build.0 = Release|Any CPU
	EndGlobalSection
	GlobalSection(SolutionProperties) = preSolution
		HideSolutionNode = FALSE
	EndGlobalSection
EndGlobal
